Microsoft Visual Studio Solution File, Format Version 7.00
Project("{8BC9CEB8-8B4A-11D0-8D11-00A0C91BC942}") = "Pman", "Pman.vcproj", "{5775352C-30B3-4A8F-87EB-9635D3AB7971}"
EndProject
Global
	GlobalSection(SolutionConfiguration) = preSolution
		ConfigName.0 = Debug
		ConfigName.1 = Release
	EndGlobalSection
	GlobalSection(ProjectDependencies) = postSolution
	EndGlobalSection
	GlobalSection(ProjectConfiguration) = postSolution
		{5775352C-30B3-4A8F-87EB-9635D3AB7971}.Debug.ActiveCfg = Debug|Win32
		{5775352C-30B3-4A8F-87EB-9635D3AB7971}.Debug.Build.0 = Debug|Win32
		{5775352C-30B3-4A8F-87EB-9635D3AB7971}.Release.ActiveCfg = Release|Win32
		{5775352C-30B3-4A8F-87EB-9635D3AB7971}.Release.Build.0 = Release|Win32
	EndGlobalSection
	GlobalSection(ExtensibilityGlobals) = postSolution
	EndGlobalSection
	GlobalSection(ExtensibilityAddIns) = postSolution
	EndGlobalSection
EndGlobal
