Microsoft Visual Studio Solution File, Format Version 7.00
Project("{FAE04EC0-301F-11D3-BF4B-00C04F79EFBC}") = "FileOper", "FileOper.csproj", "{E5AED2D9-011B-4077-A36D-0AC02F2A4C25}"
EndProject
Global
	GlobalSection(SolutionConfiguration) = preSolution
		ConfigName.0 = Debug
		ConfigName.1 = Release
	EndGlobalSection
	GlobalSection(ProjectDependencies) = postSolution
	EndGlobalSection
	GlobalSection(ProjectConfiguration) = postSolution
		{E5AED2D9-011B-4077-A36D-0AC02F2A4C25}.Debug.ActiveCfg = Debug|.NET
		{E5AED2D9-011B-4077-A36D-0AC02F2A4C25}.Debug.Build.0 = Debug|.NET
		{E5AED2D9-011B-4077-A36D-0AC02F2A4C25}.Release.ActiveCfg = Release|.NET
		{E5AED2D9-011B-4077-A36D-0AC02F2A4C25}.Release.Build.0 = Release|.NET
	EndGlobalSection
	GlobalSection(ExtensibilityGlobals) = postSolution
	EndGlobalSection
	GlobalSection(ExtensibilityAddIns) = postSolution
	EndGlobalSection
EndGlobal
