Microsoft Visual Studio Solution File, Format Version 7.00
Project("{FAE04EC0-301F-11D3-BF4B-00C04F79EFBC}") = "XO", "XO.csproj", "{3574B9D6-5BF2-41D7-93E6-AC5D7F0651B3}"
EndProject
Global
	GlobalSection(SolutionConfiguration) = preSolution
		ConfigName.0 = Debug
		ConfigName.1 = Release
	EndGlobalSection
	GlobalSection(ProjectDependencies) = postSolution
	EndGlobalSection
	GlobalSection(ProjectConfiguration) = postSolution
		{3574B9D6-5BF2-41D7-93E6-AC5D7F0651B3}.Debug.ActiveCfg = Debug|.NET
		{3574B9D6-5BF2-41D7-93E6-AC5D7F0651B3}.Debug.Build.0 = Debug|.NET
		{3574B9D6-5BF2-41D7-93E6-AC5D7F0651B3}.Release.ActiveCfg = Release|.NET
		{3574B9D6-5BF2-41D7-93E6-AC5D7F0651B3}.Release.Build.0 = Release|.NET
	EndGlobalSection
	GlobalSection(SolutionItems) = postSolution
	EndGlobalSection
	GlobalSection(ExtensibilityGlobals) = postSolution
	EndGlobalSection
	GlobalSection(ExtensibilityAddIns) = postSolution
	EndGlobalSection
EndGlobal
