Microsoft Visual Studio Solution File, Format Version 7.00
Project("{FAE04EC0-301F-11D3-BF4B-00C04F79EFBC}") = "ImageViewer", "ImageViewer.csproj", "{ED19620E-E9D3-446E-9C3F-C384F5011D59}"
EndProject
Global
	GlobalSection(SolutionConfiguration) = preSolution
		ConfigName.0 = Debug
		ConfigName.1 = Release
	EndGlobalSection
	GlobalSection(ProjectDependencies) = postSolution
	EndGlobalSection
	GlobalSection(ProjectConfiguration) = postSolution
		{ED19620E-E9D3-446E-9C3F-C384F5011D59}.Debug.ActiveCfg = Debug|.NET
		{ED19620E-E9D3-446E-9C3F-C384F5011D59}.Debug.Build.0 = Debug|.NET
		{ED19620E-E9D3-446E-9C3F-C384F5011D59}.Release.ActiveCfg = Release|.NET
		{ED19620E-E9D3-446E-9C3F-C384F5011D59}.Release.Build.0 = Release|.NET
	EndGlobalSection
	GlobalSection(ExtensibilityGlobals) = postSolution
	EndGlobalSection
	GlobalSection(ExtensibilityAddIns) = postSolution
	EndGlobalSection
EndGlobal
